
Microsoft Visual Studio Solution File, Format Version 12.00
# Visual Studio 15
VisualStudioVersion = 15.0.28010.2036
MinimumVisualStudioVersion = 10.0.40219.1
Project("{FAE04EC0-301F-11D3-BF4B-00C04F79EFBC}") = "webproject", "webproject\webproject.csproj", "{046D2A94-751A-4E95-BFB0-971496801350}"
EndProject
Global
	GlobalSection(SolutionConfigurationPlatforms) = preSolution
		Debug|Any CPU = Debug|Any CPU
		Release|Any CPU = Release|Any CPU
	EndGlobalSection
	GlobalSection(ProjectConfigurationPlatforms) = postSolution
		{046D2A94-751A-4E95-BFB0-971496801350}.Debug|Any CPU.ActiveCfg = Debug|Any CPU
		{046D2A94-751A-4E95-BFB0-971496801350}.Debug|Any CPU.Build.0 = Debug|Any CPU
		{046D2A94-751A-4E95-BFB0-971496801350}.Release|Any CPU.ActiveCfg = Release|Any CPU
		{046D2A94-751A-4E95-BFB0-971496801350}.Release|Any CPU.Build.0 = Release|Any CPU
	EndGlobalSection
	GlobalSection(SolutionProperties) = preSolution
		HideSolutionNode = FALSE
	EndGlobalSection
	GlobalSection(ExtensibilityGlobals) = postSolution
		SolutionGuid = {02A10BF5-1902-4C7A-9B8A-658C69C7D8C2}
	EndGlobalSection
EndGlobal
